schema: '2.0'
stages:
  prepare:
    cmd: python src/prepare.py data/raw/train.csv data/prepared
    deps:
    - path: data/raw/train.csv
      hash: md5
      md5: e4e4f90c48d6accade388090f0aec20f
      size: 3103165
    - path: src/prepare.py
      hash: md5
      md5: 217a52b9b385b62aa01857f6567906e4
      size: 668
    outs:
    - path: data/prepared/train.csv
      hash: md5
      md5: e4e4f90c48d6accade388090f0aec20f
      size: 3103165
  train:
    cmd: python src/train.py
    deps:
    - path: data/prepared/train.csv
      hash: md5
      md5: e4e4f90c48d6accade388090f0aec20f
      size: 3103165
    - path: src/train.py
      hash: md5
      md5: 72bbc49d96721d02994831df8f940c0d
      size: 5751
    outs:
    - path: models/model.joblib
      hash: md5
      md5: 43de1b4269e9364cbeeee6b90f11ff55
      size: 877861
